Microsoft Visual Studio Solution File, Format Version 12.00
# Visual Studio 2013
Project("{8BC9CEB8-8B4A-11D0-8D11-00A0C91BC942}") = "ALL_BUILD", "ALL_BUILD.vcxproj", "{1A0C1250-24FE-4CB2-B512-CF614BA6F0AD}"
	ProjectSection(ProjectDependencies) = postProject
		{CFCB265A-4AF0-4C03-8BD3-EB5D87DC3CA8} = {CFCB265A-4AF0-4C03-8BD3-EB5D87DC3CA8}
		{DC166BBC-169C-469C-B069-B387B7793469} = {DC166BBC-169C-469C-B069-B387B7793469}
		{FC164FED-879E-4CE1-8238-BCBF29D85CF2} = {FC164FED-879E-4CE1-8238-BCBF29D85CF2}
		{F2FCDF7B-F9E5-4DCF-9B30-6ABBCAB814CB} = {F2FCDF7B-F9E5-4DCF-9B30-6ABBCAB814CB}
		{41F0BE00-2D42-4C66-9834-EF0391818A7F} = {41F0BE00-2D42-4C66-9834-EF0391818A7F}
		{97238ED4-4173-4DE5-BDC5-D55209B951D7} = {97238ED4-4173-4DE5-BDC5-D55209B951D7}
		{64F9ABF5-A65C-4E32-A669-F1B649066474} = {64F9ABF5-A65C-4E32-A669-F1B649066474}
		{DBDFD9F7-9958-4534-9BE0-F8ADFF3E7BB8} = {DBDFD9F7-9958-4534-9BE0-F8ADFF3E7BB8}
		{B720D306-A2AF-46BC-BC55-843614A0A9E5} = {B720D306-A2AF-46BC-BC55-843614A0A9E5}
		{AE7DF8D0-2ED3-4FED-96E0-2AA3802B4951} = {AE7DF8D0-2ED3-4FED-96E0-2AA3802B4951}
		{36E5BB69-9D92-43A5-BD4E-8F24427D1DC9} = {36E5BB69-9D92-43A5-BD4E-8F24427D1DC9}
		{30C91F1A-D889-4B41-BD74-21F03DA43E69} = {30C91F1A-D889-4B41-BD74-21F03DA43E69}
		{4532E6F1-9C6F-4873-BF8E-CE04FD600E88} = {4532E6F1-9C6F-4873-BF8E-CE04FD600E88}
		{E39A30BC-1B65-4891-AB52-2A83E5524FB4} = {E39A30BC-1B65-4891-AB52-2A83E5524FB4}
		{C0F5B107-32A6-4020-8ADC-0F993246A224} = {C0F5B107-32A6-4020-8ADC-0F993246A224}
		{6E0CDE29-D675-4A13-9FCB-CEA3FC599DA4} = {6E0CDE29-D675-4A13-9FCB-CEA3FC599DA4}
		{4DD093E4-82FC-4507-A6AB-3F433923091B} = {4DD093E4-82FC-4507-A6AB-3F433923091B}
		{2A961F6B-EE69-4DDA-9F6C-555D8DCCD0E2} = {2A961F6B-EE69-4DDA-9F6C-555D8DCCD0E2}
		{C460F22B-C549-4548-A15A-E5BFFB3948CB} = {C460F22B-C549-4548-A15A-E5BFFB3948CB}
		{28858DFD-4A5A-4DF4-AFAD-1544D5389EF1} = {28858DFD-4A5A-4DF4-AFAD-1544D5389EF1}
		{EED13608-0D17-44E9-835C-4ADE8F5BA582} = {EED13608-0D17-44E9-835C-4ADE8F5BA582}
		{56C0D257-9800-4144-BEFB-C01F994EA52D} = {56C0D257-9800-4144-BEFB-C01F994EA52D}
		{3D4122E5-90B4-464C-91BD-5232884C3D0A} = {3D4122E5-90B4-464C-91BD-5232884C3D0A}
		{DEC31FED-EC3E-4F50-9615-9C797B8A2B3D} = {DEC31FED-EC3E-4F50-9615-9C797B8A2B3D}
		{7409BA12-597E-4841-B8E7-2BF56930ACDF} = {7409BA12-597E-4841-B8E7-2BF56930ACDF}
		{892C6328-C1BA-4FE2-A9D4-49A1DE4377E2} = {892C6328-C1BA-4FE2-A9D4-49A1DE4377E2}
		{506B3913-22BA-4B4E-A2D0-D099294FDFB8} = {506B3913-22BA-4B4E-A2D0-D099294FDFB8}
		{92E2A6C2-0134-4B02-8410-6749D4DB89E2} = {92E2A6C2-0134-4B02-8410-6749D4DB89E2}
		{8FBF1DC3-9C6A-4568-8D7C-B61D9F75F545} = {8FBF1DC3-9C6A-4568-8D7C-B61D9F75F545}
	EndProjectSection
EndProject
Project("{8BC9CEB8-8B4A-11D0-8D11-00A0C91BC942}") = "INSTALL", "INSTALL.vcxproj", "{C382044A-6F7D-4D6E-80FA-A471622D94B9}"
	ProjectSection(ProjectDependencies) = postProject
		{1A0C1250-24FE-4CB2-B512-CF614BA6F0AD} = {1A0C1250-24FE-4CB2-B512-CF614BA6F0AD}
	EndProjectSection
EndProject
Project("{8BC9CEB8-8B4A-11D0-8D11-00A0C91BC942}") = "ZERO_CHECK", "ZERO_CHECK.vcxproj", "{CFCB265A-4AF0-4C03-8BD3-EB5D87DC3CA8}"
	ProjectSection(ProjectDependencies) = postProject
	EndProjectSection
EndProject
Project("{8BC9CEB8-8B4A-11D0-8D11-00A0C91BC942}") = "accuracy", "tests\accuracy.vcxproj", "{DC166BBC-169C-469C-B069-B387B7793469}"
	ProjectSection(ProjectDependencies) = postProject
		{CFCB265A-4AF0-4C03-8BD3-EB5D87DC3CA8} = {CFCB265A-4AF0-4C03-8BD3-EB5D87DC3CA8}
		{4532E6F1-9C6F-4873-BF8E-CE04FD600E88} = {4532E6F1-9C6F-4873-BF8E-CE04FD600E88}
	EndProjectSection
EndProject
Project("{8BC9CEB8-8B4A-11D0-8D11-00A0C91BC942}") = "boing", "examples\boing.vcxproj", "{FC164FED-879E-4CE1-8238-BCBF29D85CF2}"
	ProjectSection(ProjectDependencies) = postProject
		{CFCB265A-4AF0-4C03-8BD3-EB5D87DC3CA8} = {CFCB265A-4AF0-4C03-8BD3-EB5D87DC3CA8}
		{4532E6F1-9C6F-4873-BF8E-CE04FD600E88} = {4532E6F1-9C6F-4873-BF8E-CE04FD600E88}
	EndProjectSection
EndProject
Project("{8BC9CEB8-8B4A-11D0-8D11-00A0C91BC942}") = "clipboard", "tests\clipboard.vcxproj", "{F2FCDF7B-F9E5-4DCF-9B30-6ABBCAB814CB}"
	ProjectSection(ProjectDependencies) = postProject
		{CFCB265A-4AF0-4C03-8BD3-EB5D87DC3CA8} = {CFCB265A-4AF0-4C03-8BD3-EB5D87DC3CA8}
		{4532E6F1-9C6F-4873-BF8E-CE04FD600E88} = {4532E6F1-9C6F-4873-BF8E-CE04FD600E88}
	EndProjectSection
EndProject
Project("{8BC9CEB8-8B4A-11D0-8D11-00A0C91BC942}") = "cursor", "tests\cursor.vcxproj", "{41F0BE00-2D42-4C66-9834-EF0391818A7F}"
	ProjectSection(ProjectDependencies) = postProject
		{CFCB265A-4AF0-4C03-8BD3-EB5D87DC3CA8} = {CFCB265A-4AF0-4C03-8BD3-EB5D87DC3CA8}
		{4532E6F1-9C6F-4873-BF8E-CE04FD600E88} = {4532E6F1-9C6F-4873-BF8E-CE04FD600E88}
	EndProjectSection
EndProject
Project("{8BC9CEB8-8B4A-11D0-8D11-00A0C91BC942}") = "cursoranim", "tests\cursoranim.vcxproj", "{97238ED4-4173-4DE5-BDC5-D55209B951D7}"
	ProjectSection(ProjectDependencies) = postProject
		{CFCB265A-4AF0-4C03-8BD3-EB5D87DC3CA8} = {CFCB265A-4AF0-4C03-8BD3-EB5D87DC3CA8}
		{4532E6F1-9C6F-4873-BF8E-CE04FD600E88} = {4532E6F1-9C6F-4873-BF8E-CE04FD600E88}
	EndProjectSection
EndProject
Project("{8BC9CEB8-8B4A-11D0-8D11-00A0C91BC942}") = "defaults", "tests\defaults.vcxproj", "{64F9ABF5-A65C-4E32-A669-F1B649066474}"
	ProjectSection(ProjectDependencies) = postProject
		{CFCB265A-4AF0-4C03-8BD3-EB5D87DC3CA8} = {CFCB265A-4AF0-4C03-8BD3-EB5D87DC3CA8}
		{4532E6F1-9C6F-4873-BF8E-CE04FD600E88} = {4532E6F1-9C6F-4873-BF8E-CE04FD600E88}
	EndProjectSection
EndProject
Project("{8BC9CEB8-8B4A-11D0-8D11-00A0C91BC942}") = "empty", "tests\empty.vcxproj", "{DBDFD9F7-9958-4534-9BE0-F8ADFF3E7BB8}"
	ProjectSection(ProjectDependencies) = postProject
		{CFCB265A-4AF0-4C03-8BD3-EB5D87DC3CA8} = {CFCB265A-4AF0-4C03-8BD3-EB5D87DC3CA8}
		{4532E6F1-9C6F-4873-BF8E-CE04FD600E88} = {4532E6F1-9C6F-4873-BF8E-CE04FD600E88}
	EndProjectSection
EndProject
Project("{8BC9CEB8-8B4A-11D0-8D11-00A0C91BC942}") = "events", "tests\events.vcxproj", "{B720D306-A2AF-46BC-BC55-843614A0A9E5}"
	ProjectSection(ProjectDependencies) = postProject
		{CFCB265A-4AF0-4C03-8BD3-EB5D87DC3CA8} = {CFCB265A-4AF0-4C03-8BD3-EB5D87DC3CA8}
		{4532E6F1-9C6F-4873-BF8E-CE04FD600E88} = {4532E6F1-9C6F-4873-BF8E-CE04FD600E88}
	EndProjectSection
EndProject
Project("{8BC9CEB8-8B4A-11D0-8D11-00A0C91BC942}") = "fsaa", "tests\fsaa.vcxproj", "{AE7DF8D0-2ED3-4FED-96E0-2AA3802B4951}"
	ProjectSection(ProjectDependencies) = postProject
		{CFCB265A-4AF0-4C03-8BD3-EB5D87DC3CA8} = {CFCB265A-4AF0-4C03-8BD3-EB5D87DC3CA8}
		{4532E6F1-9C6F-4873-BF8E-CE04FD600E88} = {4532E6F1-9C6F-4873-BF8E-CE04FD600E88}
	EndProjectSection
EndProject
Project("{8BC9CEB8-8B4A-11D0-8D11-00A0C91BC942}") = "gamma", "tests\gamma.vcxproj", "{36E5BB69-9D92-43A5-BD4E-8F24427D1DC9}"
	ProjectSection(ProjectDependencies) = postProject
		{CFCB265A-4AF0-4C03-8BD3-EB5D87DC3CA8} = {CFCB265A-4AF0-4C03-8BD3-EB5D87DC3CA8}
		{4532E6F1-9C6F-4873-BF8E-CE04FD600E88} = {4532E6F1-9C6F-4873-BF8E-CE04FD600E88}
	EndProjectSection
EndProject
Project("{8BC9CEB8-8B4A-11D0-8D11-00A0C91BC942}") = "gears", "examples\gears.vcxproj", "{30C91F1A-D889-4B41-BD74-21F03DA43E69}"
	ProjectSection(ProjectDependencies) = postProject
		{CFCB265A-4AF0-4C03-8BD3-EB5D87DC3CA8} = {CFCB265A-4AF0-4C03-8BD3-EB5D87DC3CA8}
		{4532E6F1-9C6F-4873-BF8E-CE04FD600E88} = {4532E6F1-9C6F-4873-BF8E-CE04FD600E88}
	EndProjectSection
EndProject
Project("{8BC9CEB8-8B4A-11D0-8D11-00A0C91BC942}") = "glfw", "src\glfw.vcxproj", "{4532E6F1-9C6F-4873-BF8E-CE04FD600E88}"
	ProjectSection(ProjectDependencies) = postProject
		{CFCB265A-4AF0-4C03-8BD3-EB5D87DC3CA8} = {CFCB265A-4AF0-4C03-8BD3-EB5D87DC3CA8}
	EndProjectSection
EndProject
Project("{8BC9CEB8-8B4A-11D0-8D11-00A0C91BC942}") = "glfwinfo", "tests\glfwinfo.vcxproj", "{E39A30BC-1B65-4891-AB52-2A83E5524FB4}"
	ProjectSection(ProjectDependencies) = postProject
		{CFCB265A-4AF0-4C03-8BD3-EB5D87DC3CA8} = {CFCB265A-4AF0-4C03-8BD3-EB5D87DC3CA8}
		{4532E6F1-9C6F-4873-BF8E-CE04FD600E88} = {4532E6F1-9C6F-4873-BF8E-CE04FD600E88}
	EndProjectSection
EndProject
Project("{8BC9CEB8-8B4A-11D0-8D11-00A0C91BC942}") = "heightmap", "examples\heightmap.vcxproj", "{C0F5B107-32A6-4020-8ADC-0F993246A224}"
	ProjectSection(ProjectDependencies) = postProject
		{CFCB265A-4AF0-4C03-8BD3-EB5D87DC3CA8} = {CFCB265A-4AF0-4C03-8BD3-EB5D87DC3CA8}
		{4532E6F1-9C6F-4873-BF8E-CE04FD600E88} = {4532E6F1-9C6F-4873-BF8E-CE04FD600E88}
	EndProjectSection
EndProject
Project("{8BC9CEB8-8B4A-11D0-8D11-00A0C91BC942}") = "iconify", "tests\iconify.vcxproj", "{6E0CDE29-D675-4A13-9FCB-CEA3FC599DA4}"
	ProjectSection(ProjectDependencies) = postProject
		{CFCB265A-4AF0-4C03-8BD3-EB5D87DC3CA8} = {CFCB265A-4AF0-4C03-8BD3-EB5D87DC3CA8}
		{4532E6F1-9C6F-4873-BF8E-CE04FD600E88} = {4532E6F1-9C6F-4873-BF8E-CE04FD600E88}
	EndProjectSection
EndProject
Project("{8BC9CEB8-8B4A-11D0-8D11-00A0C91BC942}") = "joysticks", "tests\joysticks.vcxproj", "{4DD093E4-82FC-4507-A6AB-3F433923091B}"
	ProjectSection(ProjectDependencies) = postProject
		{CFCB265A-4AF0-4C03-8BD3-EB5D87DC3CA8} = {CFCB265A-4AF0-4C03-8BD3-EB5D87DC3CA8}
		{4532E6F1-9C6F-4873-BF8E-CE04FD600E88} = {4532E6F1-9C6F-4873-BF8E-CE04FD600E88}
	EndProjectSection
EndProject
Project("{8BC9CEB8-8B4A-11D0-8D11-00A0C91BC942}") = "modes", "tests\modes.vcxproj", "{2A961F6B-EE69-4DDA-9F6C-555D8DCCD0E2}"
	ProjectSection(ProjectDependencies) = postProject
		{CFCB265A-4AF0-4C03-8BD3-EB5D87DC3CA8} = {CFCB265A-4AF0-4C03-8BD3-EB5D87DC3CA8}
		{4532E6F1-9C6F-4873-BF8E-CE04FD600E88} = {4532E6F1-9C6F-4873-BF8E-CE04FD600E88}
	EndProjectSection
EndProject
Project("{8BC9CEB8-8B4A-11D0-8D11-00A0C91BC942}") = "particles", "examples\particles.vcxproj", "{C460F22B-C549-4548-A15A-E5BFFB3948CB}"
	ProjectSection(ProjectDependencies) = postProject
		{CFCB265A-4AF0-4C03-8BD3-EB5D87DC3CA8} = {CFCB265A-4AF0-4C03-8BD3-EB5D87DC3CA8}
		{4532E6F1-9C6F-4873-BF8E-CE04FD600E88} = {4532E6F1-9C6F-4873-BF8E-CE04FD600E88}
	EndProjectSection
EndProject
Project("{8BC9CEB8-8B4A-11D0-8D11-00A0C91BC942}") = "peter", "tests\peter.vcxproj", "{28858DFD-4A5A-4DF4-AFAD-1544D5389EF1}"
	ProjectSection(ProjectDependencies) = postProject
		{CFCB265A-4AF0-4C03-8BD3-EB5D87DC3CA8} = {CFCB265A-4AF0-4C03-8BD3-EB5D87DC3CA8}
		{4532E6F1-9C6F-4873-BF8E-CE04FD600E88} = {4532E6F1-9C6F-4873-BF8E-CE04FD600E88}
	EndProjectSection
EndProject
Project("{8BC9CEB8-8B4A-11D0-8D11-00A0C91BC942}") = "reopen", "tests\reopen.vcxproj", "{EED13608-0D17-44E9-835C-4ADE8F5BA582}"
	ProjectSection(ProjectDependencies) = postProject
		{CFCB265A-4AF0-4C03-8BD3-EB5D87DC3CA8} = {CFCB265A-4AF0-4C03-8BD3-EB5D87DC3CA8}
		{4532E6F1-9C6F-4873-BF8E-CE04FD600E88} = {4532E6F1-9C6F-4873-BF8E-CE04FD600E88}
	EndProjectSection
EndProject
Project("{8BC9CEB8-8B4A-11D0-8D11-00A0C91BC942}") = "sharing", "tests\sharing.vcxproj", "{56C0D257-9800-4144-BEFB-C01F994EA52D}"
	ProjectSection(ProjectDependencies) = postProject
		{CFCB265A-4AF0-4C03-8BD3-EB5D87DC3CA8} = {CFCB265A-4AF0-4C03-8BD3-EB5D87DC3CA8}
		{4532E6F1-9C6F-4873-BF8E-CE04FD600E88} = {4532E6F1-9C6F-4873-BF8E-CE04FD600E88}
	EndProjectSection
EndProject
Project("{8BC9CEB8-8B4A-11D0-8D11-00A0C91BC942}") = "simple", "examples\simple.vcxproj", "{3D4122E5-90B4-464C-91BD-5232884C3D0A}"
	ProjectSection(ProjectDependencies) = postProject
		{CFCB265A-4AF0-4C03-8BD3-EB5D87DC3CA8} = {CFCB265A-4AF0-4C03-8BD3-EB5D87DC3CA8}
		{4532E6F1-9C6F-4873-BF8E-CE04FD600E88} = {4532E6F1-9C6F-4873-BF8E-CE04FD600E88}
	EndProjectSection
EndProject
Project("{8BC9CEB8-8B4A-11D0-8D11-00A0C91BC942}") = "splitview", "examples\splitview.vcxproj", "{DEC31FED-EC3E-4F50-9615-9C797B8A2B3D}"
	ProjectSection(ProjectDependencies) = postProject
		{CFCB265A-4AF0-4C03-8BD3-EB5D87DC3CA8} = {CFCB265A-4AF0-4C03-8BD3-EB5D87DC3CA8}
		{4532E6F1-9C6F-4873-BF8E-CE04FD600E88} = {4532E6F1-9C6F-4873-BF8E-CE04FD600E88}
	EndProjectSection
EndProject
Project("{8BC9CEB8-8B4A-11D0-8D11-00A0C91BC942}") = "tearing", "tests\tearing.vcxproj", "{7409BA12-597E-4841-B8E7-2BF56930ACDF}"
	ProjectSection(ProjectDependencies) = postProject
		{CFCB265A-4AF0-4C03-8BD3-EB5D87DC3CA8} = {CFCB265A-4AF0-4C03-8BD3-EB5D87DC3CA8}
		{4532E6F1-9C6F-4873-BF8E-CE04FD600E88} = {4532E6F1-9C6F-4873-BF8E-CE04FD600E88}
	EndProjectSection
EndProject
Project("{8BC9CEB8-8B4A-11D0-8D11-00A0C91BC942}") = "threads", "tests\threads.vcxproj", "{892C6328-C1BA-4FE2-A9D4-49A1DE4377E2}"
	ProjectSection(ProjectDependencies) = postProject
		{CFCB265A-4AF0-4C03-8BD3-EB5D87DC3CA8} = {CFCB265A-4AF0-4C03-8BD3-EB5D87DC3CA8}
		{4532E6F1-9C6F-4873-BF8E-CE04FD600E88} = {4532E6F1-9C6F-4873-BF8E-CE04FD600E88}
	EndProjectSection
EndProject
Project("{8BC9CEB8-8B4A-11D0-8D11-00A0C91BC942}") = "title", "tests\title.vcxproj", "{506B3913-22BA-4B4E-A2D0-D099294FDFB8}"
	ProjectSection(ProjectDependencies) = postProject
		{CFCB265A-4AF0-4C03-8BD3-EB5D87DC3CA8} = {CFCB265A-4AF0-4C03-8BD3-EB5D87DC3CA8}
		{4532E6F1-9C6F-4873-BF8E-CE04FD600E88} = {4532E6F1-9C6F-4873-BF8E-CE04FD600E88}
	EndProjectSection
EndProject
Project("{8BC9CEB8-8B4A-11D0-8D11-00A0C91BC942}") = "uninstall", "uninstall.vcxproj", "{F5B07002-9462-4C6E-8406-2B6CBAD1D1FC}"
	ProjectSection(ProjectDependencies) = postProject
		{CFCB265A-4AF0-4C03-8BD3-EB5D87DC3CA8} = {CFCB265A-4AF0-4C03-8BD3-EB5D87DC3CA8}
	EndProjectSection
EndProject
Project("{8BC9CEB8-8B4A-11D0-8D11-00A0C91BC942}") = "wave", "examples\wave.vcxproj", "{92E2A6C2-0134-4B02-8410-6749D4DB89E2}"
	ProjectSection(ProjectDependencies) = postProject
		{CFCB265A-4AF0-4C03-8BD3-EB5D87DC3CA8} = {CFCB265A-4AF0-4C03-8BD3-EB5D87DC3CA8}
		{4532E6F1-9C6F-4873-BF8E-CE04FD600E88} = {4532E6F1-9C6F-4873-BF8E-CE04FD600E88}
	EndProjectSection
EndProject
Project("{8BC9CEB8-8B4A-11D0-8D11-00A0C91BC942}") = "windows", "tests\windows.vcxproj", "{8FBF1DC3-9C6A-4568-8D7C-B61D9F75F545}"
	ProjectSection(ProjectDependencies) = postProject
		{CFCB265A-4AF0-4C03-8BD3-EB5D87DC3CA8} = {CFCB265A-4AF0-4C03-8BD3-EB5D87DC3CA8}
		{4532E6F1-9C6F-4873-BF8E-CE04FD600E88} = {4532E6F1-9C6F-4873-BF8E-CE04FD600E88}
	EndProjectSection
EndProject
Global
	GlobalSection(SolutionConfigurationPlatforms) = preSolution
		Debug|Win32 = Debug|Win32
		Release|Win32 = Release|Win32
		MinSizeRel|Win32 = MinSizeRel|Win32
		RelWithDebInfo|Win32 = RelWithDebInfo|Win32
	EndGlobalSection
	GlobalSection(ProjectConfigurationPlatforms) = postSolution
		{1A0C1250-24FE-4CB2-B512-CF614BA6F0AD}.Debug|Win32.ActiveCfg = Debug|Win32
		{1A0C1250-24FE-4CB2-B512-CF614BA6F0AD}.Debug|Win32.Build.0 = Debug|Win32
		{1A0C1250-24FE-4CB2-B512-CF614BA6F0AD}.Release|Win32.ActiveCfg = Release|Win32
		{1A0C1250-24FE-4CB2-B512-CF614BA6F0AD}.Release|Win32.Build.0 = Release|Win32
		{1A0C1250-24FE-4CB2-B512-CF614BA6F0AD}.MinSizeRel|Win32.ActiveCfg = MinSizeRel|Win32
		{1A0C1250-24FE-4CB2-B512-CF614BA6F0AD}.MinSizeRel|Win32.Build.0 = MinSizeRel|Win32
		{1A0C1250-24FE-4CB2-B512-CF614BA6F0AD}.RelWithDebInfo|Win32.ActiveCfg = RelWithDebInfo|Win32
		{1A0C1250-24FE-4CB2-B512-CF614BA6F0AD}.RelWithDebInfo|Win32.Build.0 = RelWithDebInfo|Win32
		{C382044A-6F7D-4D6E-80FA-A471622D94B9}.Debug|Win32.ActiveCfg = Debug|Win32
		{C382044A-6F7D-4D6E-80FA-A471622D94B9}.Release|Win32.ActiveCfg = Release|Win32
		{C382044A-6F7D-4D6E-80FA-A471622D94B9}.MinSizeRel|Win32.ActiveCfg = MinSizeRel|Win32
		{C382044A-6F7D-4D6E-80FA-A471622D94B9}.RelWithDebInfo|Win32.ActiveCfg = RelWithDebInfo|Win32
		{CFCB265A-4AF0-4C03-8BD3-EB5D87DC3CA8}.Debug|Win32.ActiveCfg = Debug|Win32
		{CFCB265A-4AF0-4C03-8BD3-EB5D87DC3CA8}.Debug|Win32.Build.0 = Debug|Win32
		{CFCB265A-4AF0-4C03-8BD3-EB5D87DC3CA8}.Release|Win32.ActiveCfg = Release|Win32
		{CFCB265A-4AF0-4C03-8BD3-EB5D87DC3CA8}.Release|Win32.Build.0 = Release|Win32
		{CFCB265A-4AF0-4C03-8BD3-EB5D87DC3CA8}.MinSizeRel|Win32.ActiveCfg = MinSizeRel|Win32
		{CFCB265A-4AF0-4C03-8BD3-EB5D87DC3CA8}.MinSizeRel|Win32.Build.0 = MinSizeRel|Win32
		{CFCB265A-4AF0-4C03-8BD3-EB5D87DC3CA8}.RelWithDebInfo|Win32.ActiveCfg = RelWithDebInfo|Win32
		{CFCB265A-4AF0-4C03-8BD3-EB5D87DC3CA8}.RelWithDebInfo|Win32.Build.0 = RelWithDebInfo|Win32
		{DC166BBC-169C-469C-B069-B387B7793469}.Debug|Win32.ActiveCfg = Debug|Win32
		{DC166BBC-169C-469C-B069-B387B7793469}.Debug|Win32.Build.0 = Debug|Win32
		{DC166BBC-169C-469C-B069-B387B7793469}.Release|Win32.ActiveCfg = Release|Win32
		{DC166BBC-169C-469C-B069-B387B7793469}.Release|Win32.Build.0 = Release|Win32
		{DC166BBC-169C-469C-B069-B387B7793469}.MinSizeRel|Win32.ActiveCfg = MinSizeRel|Win32
		{DC166BBC-169C-469C-B069-B387B7793469}.MinSizeRel|Win32.Build.0 = MinSizeRel|Win32
		{DC166BBC-169C-469C-B069-B387B7793469}.RelWithDebInfo|Win32.ActiveCfg = RelWithDebInfo|Win32
		{DC166BBC-169C-469C-B069-B387B7793469}.RelWithDebInfo|Win32.Build.0 = RelWithDebInfo|Win32
		{FC164FED-879E-4CE1-8238-BCBF29D85CF2}.Debug|Win32.ActiveCfg = Debug|Win32
		{FC164FED-879E-4CE1-8238-BCBF29D85CF2}.Debug|Win32.Build.0 = Debug|Win32
		{FC164FED-879E-4CE1-8238-BCBF29D85CF2}.Release|Win32.ActiveCfg = Release|Win32
		{FC164FED-879E-4CE1-8238-BCBF29D85CF2}.Release|Win32.Build.0 = Release|Win32
		{FC164FED-879E-4CE1-8238-BCBF29D85CF2}.MinSizeRel|Win32.ActiveCfg = MinSizeRel|Win32
		{FC164FED-879E-4CE1-8238-BCBF29D85CF2}.MinSizeRel|Win32.Build.0 = MinSizeRel|Win32
		{FC164FED-879E-4CE1-8238-BCBF29D85CF2}.RelWithDebInfo|Win32.ActiveCfg = RelWithDebInfo|Win32
		{FC164FED-879E-4CE1-8238-BCBF29D85CF2}.RelWithDebInfo|Win32.Build.0 = RelWithDebInfo|Win32
		{F2FCDF7B-F9E5-4DCF-9B30-6ABBCAB814CB}.Debug|Win32.ActiveCfg = Debug|Win32
		{F2FCDF7B-F9E5-4DCF-9B30-6ABBCAB814CB}.Debug|Win32.Build.0 = Debug|Win32
		{F2FCDF7B-F9E5-4DCF-9B30-6ABBCAB814CB}.Release|Win32.ActiveCfg = Release|Win32
		{F2FCDF7B-F9E5-4DCF-9B30-6ABBCAB814CB}.Release|Win32.Build.0 = Release|Win32
		{F2FCDF7B-F9E5-4DCF-9B30-6ABBCAB814CB}.MinSizeRel|Win32.ActiveCfg = MinSizeRel|Win32
		{F2FCDF7B-F9E5-4DCF-9B30-6ABBCAB814CB}.MinSizeRel|Win32.Build.0 = MinSizeRel|Win32
		{F2FCDF7B-F9E5-4DCF-9B30-6ABBCAB814CB}.RelWithDebInfo|Win32.ActiveCfg = RelWithDebInfo|Win32
		{F2FCDF7B-F9E5-4DCF-9B30-6ABBCAB814CB}.RelWithDebInfo|Win32.Build.0 = RelWithDebInfo|Win32
		{41F0BE00-2D42-4C66-9834-EF0391818A7F}.Debug|Win32.ActiveCfg = Debug|Win32
		{41F0BE00-2D42-4C66-9834-EF0391818A7F}.Debug|Win32.Build.0 = Debug|Win32
		{41F0BE00-2D42-4C66-9834-EF0391818A7F}.Release|Win32.ActiveCfg = Release|Win32
		{41F0BE00-2D42-4C66-9834-EF0391818A7F}.Release|Win32.Build.0 = Release|Win32
		{41F0BE00-2D42-4C66-9834-EF0391818A7F}.MinSizeRel|Win32.ActiveCfg = MinSizeRel|Win32
		{41F0BE00-2D42-4C66-9834-EF0391818A7F}.MinSizeRel|Win32.Build.0 = MinSizeRel|Win32
		{41F0BE00-2D42-4C66-9834-EF0391818A7F}.RelWithDebInfo|Win32.ActiveCfg = RelWithDebInfo|Win32
		{41F0BE00-2D42-4C66-9834-EF0391818A7F}.RelWithDebInfo|Win32.Build.0 = RelWithDebInfo|Win32
		{97238ED4-4173-4DE5-BDC5-D55209B951D7}.Debug|Win32.ActiveCfg = Debug|Win32
		{97238ED4-4173-4DE5-BDC5-D55209B951D7}.Debug|Win32.Build.0 = Debug|Win32
		{97238ED4-4173-4DE5-BDC5-D55209B951D7}.Release|Win32.ActiveCfg = Release|Win32
		{97238ED4-4173-4DE5-BDC5-D55209B951D7}.Release|Win32.Build.0 = Release|Win32
		{97238ED4-4173-4DE5-BDC5-D55209B951D7}.MinSizeRel|Win32.ActiveCfg = MinSizeRel|Win32
		{97238ED4-4173-4DE5-BDC5-D55209B951D7}.MinSizeRel|Win32.Build.0 = MinSizeRel|Win32
		{97238ED4-4173-4DE5-BDC5-D55209B951D7}.RelWithDebInfo|Win32.ActiveCfg = RelWithDebInfo|Win32
		{97238ED4-4173-4DE5-BDC5-D55209B951D7}.RelWithDebInfo|Win32.Build.0 = RelWithDebInfo|Win32
		{64F9ABF5-A65C-4E32-A669-F1B649066474}.Debug|Win32.ActiveCfg = Debug|Win32
		{64F9ABF5-A65C-4E32-A669-F1B649066474}.Debug|Win32.Build.0 = Debug|Win32
		{64F9ABF5-A65C-4E32-A669-F1B649066474}.Release|Win32.ActiveCfg = Release|Win32
		{64F9ABF5-A65C-4E32-A669-F1B649066474}.Release|Win32.Build.0 = Release|Win32
		{64F9ABF5-A65C-4E32-A669-F1B649066474}.MinSizeRel|Win32.ActiveCfg = MinSizeRel|Win32
		{64F9ABF5-A65C-4E32-A669-F1B649066474}.MinSizeRel|Win32.Build.0 = MinSizeRel|Win32
		{64F9ABF5-A65C-4E32-A669-F1B649066474}.RelWithDebInfo|Win32.ActiveCfg = RelWithDebInfo|Win32
		{64F9ABF5-A65C-4E32-A669-F1B649066474}.RelWithDebInfo|Win32.Build.0 = RelWithDebInfo|Win32
		{DBDFD9F7-9958-4534-9BE0-F8ADFF3E7BB8}.Debug|Win32.ActiveCfg = Debug|Win32
		{DBDFD9F7-9958-4534-9BE0-F8ADFF3E7BB8}.Debug|Win32.Build.0 = Debug|Win32
		{DBDFD9F7-9958-4534-9BE0-F8ADFF3E7BB8}.Release|Win32.ActiveCfg = Release|Win32
		{DBDFD9F7-9958-4534-9BE0-F8ADFF3E7BB8}.Release|Win32.Build.0 = Release|Win32
		{DBDFD9F7-9958-4534-9BE0-F8ADFF3E7BB8}.MinSizeRel|Win32.ActiveCfg = MinSizeRel|Win32
		{DBDFD9F7-9958-4534-9BE0-F8ADFF3E7BB8}.MinSizeRel|Win32.Build.0 = MinSizeRel|Win32
		{DBDFD9F7-9958-4534-9BE0-F8ADFF3E7BB8}.RelWithDebInfo|Win32.ActiveCfg = RelWithDebInfo|Win32
		{DBDFD9F7-9958-4534-9BE0-F8ADFF3E7BB8}.RelWithDebInfo|Win32.Build.0 = RelWithDebInfo|Win32
		{B720D306-A2AF-46BC-BC55-843614A0A9E5}.Debug|Win32.ActiveCfg = Debug|Win32
		{B720D306-A2AF-46BC-BC55-843614A0A9E5}.Debug|Win32.Build.0 = Debug|Win32
		{B720D306-A2AF-46BC-BC55-843614A0A9E5}.Release|Win32.ActiveCfg = Release|Win32
		{B720D306-A2AF-46BC-BC55-843614A0A9E5}.Release|Win32.Build.0 = Release|Win32
		{B720D306-A2AF-46BC-BC55-843614A0A9E5}.MinSizeRel|Win32.ActiveCfg = MinSizeRel|Win32
		{B720D306-A2AF-46BC-BC55-843614A0A9E5}.MinSizeRel|Win32.Build.0 = MinSizeRel|Win32
		{B720D306-A2AF-46BC-BC55-843614A0A9E5}.RelWithDebInfo|Win32.ActiveCfg = RelWithDebInfo|Win32
		{B720D306-A2AF-46BC-BC55-843614A0A9E5}.RelWithDebInfo|Win32.Build.0 = RelWithDebInfo|Win32
		{AE7DF8D0-2ED3-4FED-96E0-2AA3802B4951}.Debug|Win32.ActiveCfg = Debug|Win32
		{AE7DF8D0-2ED3-4FED-96E0-2AA3802B4951}.Debug|Win32.Build.0 = Debug|Win32
		{AE7DF8D0-2ED3-4FED-96E0-2AA3802B4951}.Release|Win32.ActiveCfg = Release|Win32
		{AE7DF8D0-2ED3-4FED-96E0-2AA3802B4951}.Release|Win32.Build.0 = Release|Win32
		{AE7DF8D0-2ED3-4FED-96E0-2AA3802B4951}.MinSizeRel|Win32.ActiveCfg = MinSizeRel|Win32
		{AE7DF8D0-2ED3-4FED-96E0-2AA3802B4951}.MinSizeRel|Win32.Build.0 = MinSizeRel|Win32
		{AE7DF8D0-2ED3-4FED-96E0-2AA3802B4951}.RelWithDebInfo|Win32.ActiveCfg = RelWithDebInfo|Win32
		{AE7DF8D0-2ED3-4FED-96E0-2AA3802B4951}.RelWithDebInfo|Win32.Build.0 = RelWithDebInfo|Win32
		{36E5BB69-9D92-43A5-BD4E-8F24427D1DC9}.Debug|Win32.ActiveCfg = Debug|Win32
		{36E5BB69-9D92-43A5-BD4E-8F24427D1DC9}.Debug|Win32.Build.0 = Debug|Win32
		{36E5BB69-9D92-43A5-BD4E-8F24427D1DC9}.Release|Win32.ActiveCfg = Release|Win32
		{36E5BB69-9D92-43A5-BD4E-8F24427D1DC9}.Release|Win32.Build.0 = Release|Win32
		{36E5BB69-9D92-43A5-BD4E-8F24427D1DC9}.MinSizeRel|Win32.ActiveCfg = MinSizeRel|Win32
		{36E5BB69-9D92-43A5-BD4E-8F24427D1DC9}.MinSizeRel|Win32.Build.0 = MinSizeRel|Win32
		{36E5BB69-9D92-43A5-BD4E-8F24427D1DC9}.RelWithDebInfo|Win32.ActiveCfg = RelWithDebInfo|Win32
		{36E5BB69-9D92-43A5-BD4E-8F24427D1DC9}.RelWithDebInfo|Win32.Build.0 = RelWithDebInfo|Win32
		{30C91F1A-D889-4B41-BD74-21F03DA43E69}.Debug|Win32.ActiveCfg = Debug|Win32
		{30C91F1A-D889-4B41-BD74-21F03DA43E69}.Debug|Win32.Build.0 = Debug|Win32
		{30C91F1A-D889-4B41-BD74-21F03DA43E69}.Release|Win32.ActiveCfg = Release|Win32
		{30C91F1A-D889-4B41-BD74-21F03DA43E69}.Release|Win32.Build.0 = Release|Win32
		{30C91F1A-D889-4B41-BD74-21F03DA43E69}.MinSizeRel|Win32.ActiveCfg = MinSizeRel|Win32
		{30C91F1A-D889-4B41-BD74-21F03DA43E69}.MinSizeRel|Win32.Build.0 = MinSizeRel|Win32
		{30C91F1A-D889-4B41-BD74-21F03DA43E69}.RelWithDebInfo|Win32.ActiveCfg = RelWithDebInfo|Win32
		{30C91F1A-D889-4B41-BD74-21F03DA43E69}.RelWithDebInfo|Win32.Build.0 = RelWithDebInfo|Win32
		{4532E6F1-9C6F-4873-BF8E-CE04FD600E88}.Debug|Win32.ActiveCfg = Debug|Win32
		{4532E6F1-9C6F-4873-BF8E-CE04FD600E88}.Debug|Win32.Build.0 = Debug|Win32
		{4532E6F1-9C6F-4873-BF8E-CE04FD600E88}.Release|Win32.ActiveCfg = Release|Win32
		{4532E6F1-9C6F-4873-BF8E-CE04FD600E88}.Release|Win32.Build.0 = Release|Win32
		{4532E6F1-9C6F-4873-BF8E-CE04FD600E88}.MinSizeRel|Win32.ActiveCfg = MinSizeRel|Win32
		{4532E6F1-9C6F-4873-BF8E-CE04FD600E88}.MinSizeRel|Win32.Build.0 = MinSizeRel|Win32
		{4532E6F1-9C6F-4873-BF8E-CE04FD600E88}.RelWithDebInfo|Win32.ActiveCfg = RelWithDebInfo|Win32
		{4532E6F1-9C6F-4873-BF8E-CE04FD600E88}.RelWithDebInfo|Win32.Build.0 = RelWithDebInfo|Win32
		{E39A30BC-1B65-4891-AB52-2A83E5524FB4}.Debug|Win32.ActiveCfg = Debug|Win32
		{E39A30BC-1B65-4891-AB52-2A83E5524FB4}.Debug|Win32.Build.0 = Debug|Win32
		{E39A30BC-1B65-4891-AB52-2A83E5524FB4}.Release|Win32.ActiveCfg = Release|Win32
		{E39A30BC-1B65-4891-AB52-2A83E5524FB4}.Release|Win32.Build.0 = Release|Win32
		{E39A30BC-1B65-4891-AB52-2A83E5524FB4}.MinSizeRel|Win32.ActiveCfg = MinSizeRel|Win32
		{E39A30BC-1B65-4891-AB52-2A83E5524FB4}.MinSizeRel|Win32.Build.0 = MinSizeRel|Win32
		{E39A30BC-1B65-4891-AB52-2A83E5524FB4}.RelWithDebInfo|Win32.ActiveCfg = RelWithDebInfo|Win32
		{E39A30BC-1B65-4891-AB52-2A83E5524FB4}.RelWithDebInfo|Win32.Build.0 = RelWithDebInfo|Win32
		{C0F5B107-32A6-4020-8ADC-0F993246A224}.Debug|Win32.ActiveCfg = Debug|Win32
		{C0F5B107-32A6-4020-8ADC-0F993246A224}.Debug|Win32.Build.0 = Debug|Win32
		{C0F5B107-32A6-4020-8ADC-0F993246A224}.Release|Win32.ActiveCfg = Release|Win32
		{C0F5B107-32A6-4020-8ADC-0F993246A224}.Release|Win32.Build.0 = Release|Win32
		{C0F5B107-32A6-4020-8ADC-0F993246A224}.MinSizeRel|Win32.ActiveCfg = MinSizeRel|Win32
		{C0F5B107-32A6-4020-8ADC-0F993246A224}.MinSizeRel|Win32.Build.0 = MinSizeRel|Win32
		{C0F5B107-32A6-4020-8ADC-0F993246A224}.RelWithDebInfo|Win32.ActiveCfg = RelWithDebInfo|Win32
		{C0F5B107-32A6-4020-8ADC-0F993246A224}.RelWithDebInfo|Win32.Build.0 = RelWithDebInfo|Win32
		{6E0CDE29-D675-4A13-9FCB-CEA3FC599DA4}.Debug|Win32.ActiveCfg = Debug|Win32
		{6E0CDE29-D675-4A13-9FCB-CEA3FC599DA4}.Debug|Win32.Build.0 = Debug|Win32
		{6E0CDE29-D675-4A13-9FCB-CEA3FC599DA4}.Release|Win32.ActiveCfg = Release|Win32
		{6E0CDE29-D675-4A13-9FCB-CEA3FC599DA4}.Release|Win32.Build.0 = Release|Win32
		{6E0CDE29-D675-4A13-9FCB-CEA3FC599DA4}.MinSizeRel|Win32.ActiveCfg = MinSizeRel|Win32
		{6E0CDE29-D675-4A13-9FCB-CEA3FC599DA4}.MinSizeRel|Win32.Build.0 = MinSizeRel|Win32
		{6E0CDE29-D675-4A13-9FCB-CEA3FC599DA4}.RelWithDebInfo|Win32.ActiveCfg = RelWithDebInfo|Win32
		{6E0CDE29-D675-4A13-9FCB-CEA3FC599DA4}.RelWithDebInfo|Win32.Build.0 = RelWithDebInfo|Win32
		{4DD093E4-82FC-4507-A6AB-3F433923091B}.Debug|Win32.ActiveCfg = Debug|Win32
		{4DD093E4-82FC-4507-A6AB-3F433923091B}.Debug|Win32.Build.0 = Debug|Win32
		{4DD093E4-82FC-4507-A6AB-3F433923091B}.Release|Win32.ActiveCfg = Release|Win32
		{4DD093E4-82FC-4507-A6AB-3F433923091B}.Release|Win32.Build.0 = Release|Win32
		{4DD093E4-82FC-4507-A6AB-3F433923091B}.MinSizeRel|Win32.ActiveCfg = MinSizeRel|Win32
		{4DD093E4-82FC-4507-A6AB-3F433923091B}.MinSizeRel|Win32.Build.0 = MinSizeRel|Win32
		{4DD093E4-82FC-4507-A6AB-3F433923091B}.RelWithDebInfo|Win32.ActiveCfg = RelWithDebInfo|Win32
		{4DD093E4-82FC-4507-A6AB-3F433923091B}.RelWithDebInfo|Win32.Build.0 = RelWithDebInfo|Win32
		{2A961F6B-EE69-4DDA-9F6C-555D8DCCD0E2}.Debug|Win32.ActiveCfg = Debug|Win32
		{2A961F6B-EE69-4DDA-9F6C-555D8DCCD0E2}.Debug|Win32.Build.0 = Debug|Win32
		{2A961F6B-EE69-4DDA-9F6C-555D8DCCD0E2}.Release|Win32.ActiveCfg = Release|Win32
		{2A961F6B-EE69-4DDA-9F6C-555D8DCCD0E2}.Release|Win32.Build.0 = Release|Win32
		{2A961F6B-EE69-4DDA-9F6C-555D8DCCD0E2}.MinSizeRel|Win32.ActiveCfg = MinSizeRel|Win32
		{2A961F6B-EE69-4DDA-9F6C-555D8DCCD0E2}.MinSizeRel|Win32.Build.0 = MinSizeRel|Win32
		{2A961F6B-EE69-4DDA-9F6C-555D8DCCD0E2}.RelWithDebInfo|Win32.ActiveCfg = RelWithDebInfo|Win32
		{2A961F6B-EE69-4DDA-9F6C-555D8DCCD0E2}.RelWithDebInfo|Win32.Build.0 = RelWithDebInfo|Win32
		{C460F22B-C549-4548-A15A-E5BFFB3948CB}.Debug|Win32.ActiveCfg = Debug|Win32
		{C460F22B-C549-4548-A15A-E5BFFB3948CB}.Debug|Win32.Build.0 = Debug|Win32
		{C460F22B-C549-4548-A15A-E5BFFB3948CB}.Release|Win32.ActiveCfg = Release|Win32
		{C460F22B-C549-4548-A15A-E5BFFB3948CB}.Release|Win32.Build.0 = Release|Win32
		{C460F22B-C549-4548-A15A-E5BFFB3948CB}.MinSizeRel|Win32.ActiveCfg = MinSizeRel|Win32
		{C460F22B-C549-4548-A15A-E5BFFB3948CB}.MinSizeRel|Win32.Build.0 = MinSizeRel|Win32
		{C460F22B-C549-4548-A15A-E5BFFB3948CB}.RelWithDebInfo|Win32.ActiveCfg = RelWithDebInfo|Win32
		{C460F22B-C549-4548-A15A-E5BFFB3948CB}.RelWithDebInfo|Win32.Build.0 = RelWithDebInfo|Win32
		{28858DFD-4A5A-4DF4-AFAD-1544D5389EF1}.Debug|Win32.ActiveCfg = Debug|Win32
		{28858DFD-4A5A-4DF4-AFAD-1544D5389EF1}.Debug|Win32.Build.0 = Debug|Win32
		{28858DFD-4A5A-4DF4-AFAD-1544D5389EF1}.Release|Win32.ActiveCfg = Release|Win32
		{28858DFD-4A5A-4DF4-AFAD-1544D5389EF1}.Release|Win32.Build.0 = Release|Win32
		{28858DFD-4A5A-4DF4-AFAD-1544D5389EF1}.MinSizeRel|Win32.ActiveCfg = MinSizeRel|Win32
		{28858DFD-4A5A-4DF4-AFAD-1544D5389EF1}.MinSizeRel|Win32.Build.0 = MinSizeRel|Win32
		{28858DFD-4A5A-4DF4-AFAD-1544D5389EF1}.RelWithDebInfo|Win32.ActiveCfg = RelWithDebInfo|Win32
		{28858DFD-4A5A-4DF4-AFAD-1544D5389EF1}.RelWithDebInfo|Win32.Build.0 = RelWithDebInfo|Win32
		{EED13608-0D17-44E9-835C-4ADE8F5BA582}.Debug|Win32.ActiveCfg = Debug|Win32
		{EED13608-0D17-44E9-835C-4ADE8F5BA582}.Debug|Win32.Build.0 = Debug|Win32
		{EED13608-0D17-44E9-835C-4ADE8F5BA582}.Release|Win32.ActiveCfg = Release|Win32
		{EED13608-0D17-44E9-835C-4ADE8F5BA582}.Release|Win32.Build.0 = Release|Win32
		{EED13608-0D17-44E9-835C-4ADE8F5BA582}.MinSizeRel|Win32.ActiveCfg = MinSizeRel|Win32
		{EED13608-0D17-44E9-835C-4ADE8F5BA582}.MinSizeRel|Win32.Build.0 = MinSizeRel|Win32
		{EED13608-0D17-44E9-835C-4ADE8F5BA582}.RelWithDebInfo|Win32.ActiveCfg = RelWithDebInfo|Win32
		{EED13608-0D17-44E9-835C-4ADE8F5BA582}.RelWithDebInfo|Win32.Build.0 = RelWithDebInfo|Win32
		{56C0D257-9800-4144-BEFB-C01F994EA52D}.Debug|Win32.ActiveCfg = Debug|Win32
		{56C0D257-9800-4144-BEFB-C01F994EA52D}.Debug|Win32.Build.0 = Debug|Win32
		{56C0D257-9800-4144-BEFB-C01F994EA52D}.Release|Win32.ActiveCfg = Release|Win32
		{56C0D257-9800-4144-BEFB-C01F994EA52D}.Release|Win32.Build.0 = Release|Win32
		{56C0D257-9800-4144-BEFB-C01F994EA52D}.MinSizeRel|Win32.ActiveCfg = MinSizeRel|Win32
		{56C0D257-9800-4144-BEFB-C01F994EA52D}.MinSizeRel|Win32.Build.0 = MinSizeRel|Win32
		{56C0D257-9800-4144-BEFB-C01F994EA52D}.RelWithDebInfo|Win32.ActiveCfg = RelWithDebInfo|Win32
		{56C0D257-9800-4144-BEFB-C01F994EA52D}.RelWithDebInfo|Win32.Build.0 = RelWithDebInfo|Win32
		{3D4122E5-90B4-464C-91BD-5232884C3D0A}.Debug|Win32.ActiveCfg = Debug|Win32
		{3D4122E5-90B4-464C-91BD-5232884C3D0A}.Debug|Win32.Build.0 = Debug|Win32
		{3D4122E5-90B4-464C-91BD-5232884C3D0A}.Release|Win32.ActiveCfg = Release|Win32
		{3D4122E5-90B4-464C-91BD-5232884C3D0A}.Release|Win32.Build.0 = Release|Win32
		{3D4122E5-90B4-464C-91BD-5232884C3D0A}.MinSizeRel|Win32.ActiveCfg = MinSizeRel|Win32
		{3D4122E5-90B4-464C-91BD-5232884C3D0A}.MinSizeRel|Win32.Build.0 = MinSizeRel|Win32
		{3D4122E5-90B4-464C-91BD-5232884C3D0A}.RelWithDebInfo|Win32.ActiveCfg = RelWithDebInfo|Win32
		{3D4122E5-90B4-464C-91BD-5232884C3D0A}.RelWithDebInfo|Win32.Build.0 = RelWithDebInfo|Win32
		{DEC31FED-EC3E-4F50-9615-9C797B8A2B3D}.Debug|Win32.ActiveCfg = Debug|Win32
		{DEC31FED-EC3E-4F50-9615-9C797B8A2B3D}.Debug|Win32.Build.0 = Debug|Win32
		{DEC31FED-EC3E-4F50-9615-9C797B8A2B3D}.Release|Win32.ActiveCfg = Release|Win32
		{DEC31FED-EC3E-4F50-9615-9C797B8A2B3D}.Release|Win32.Build.0 = Release|Win32
		{DEC31FED-EC3E-4F50-9615-9C797B8A2B3D}.MinSizeRel|Win32.ActiveCfg = MinSizeRel|Win32
		{DEC31FED-EC3E-4F50-9615-9C797B8A2B3D}.MinSizeRel|Win32.Build.0 = MinSizeRel|Win32
		{DEC31FED-EC3E-4F50-9615-9C797B8A2B3D}.RelWithDebInfo|Win32.ActiveCfg = RelWithDebInfo|Win32
		{DEC31FED-EC3E-4F50-9615-9C797B8A2B3D}.RelWithDebInfo|Win32.Build.0 = RelWithDebInfo|Win32
		{7409BA12-597E-4841-B8E7-2BF56930ACDF}.Debug|Win32.ActiveCfg = Debug|Win32
		{7409BA12-597E-4841-B8E7-2BF56930ACDF}.Debug|Win32.Build.0 = Debug|Win32
		{7409BA12-597E-4841-B8E7-2BF56930ACDF}.Release|Win32.ActiveCfg = Release|Win32
		{7409BA12-597E-4841-B8E7-2BF56930ACDF}.Release|Win32.Build.0 = Release|Win32
		{7409BA12-597E-4841-B8E7-2BF56930ACDF}.MinSizeRel|Win32.ActiveCfg = MinSizeRel|Win32
		{7409BA12-597E-4841-B8E7-2BF56930ACDF}.MinSizeRel|Win32.Build.0 = MinSizeRel|Win32
		{7409BA12-597E-4841-B8E7-2BF56930ACDF}.RelWithDebInfo|Win32.ActiveCfg = RelWithDebInfo|Win32
		{7409BA12-597E-4841-B8E7-2BF56930ACDF}.RelWithDebInfo|Win32.Build.0 = RelWithDebInfo|Win32
		{892C6328-C1BA-4FE2-A9D4-49A1DE4377E2}.Debug|Win32.ActiveCfg = Debug|Win32
		{892C6328-C1BA-4FE2-A9D4-49A1DE4377E2}.Debug|Win32.Build.0 = Debug|Win32
		{892C6328-C1BA-4FE2-A9D4-49A1DE4377E2}.Release|Win32.ActiveCfg = Release|Win32
		{892C6328-C1BA-4FE2-A9D4-49A1DE4377E2}.Release|Win32.Build.0 = Release|Win32
		{892C6328-C1BA-4FE2-A9D4-49A1DE4377E2}.MinSizeRel|Win32.ActiveCfg = MinSizeRel|Win32
		{892C6328-C1BA-4FE2-A9D4-49A1DE4377E2}.MinSizeRel|Win32.Build.0 = MinSizeRel|Win32
		{892C6328-C1BA-4FE2-A9D4-49A1DE4377E2}.RelWithDebInfo|Win32.ActiveCfg = RelWithDebInfo|Win32
		{892C6328-C1BA-4FE2-A9D4-49A1DE4377E2}.RelWithDebInfo|Win32.Build.0 = RelWithDebInfo|Win32
		{506B3913-22BA-4B4E-A2D0-D099294FDFB8}.Debug|Win32.ActiveCfg = Debug|Win32
		{506B3913-22BA-4B4E-A2D0-D099294FDFB8}.Debug|Win32.Build.0 = Debug|Win32
		{506B3913-22BA-4B4E-A2D0-D099294FDFB8}.Release|Win32.ActiveCfg = Release|Win32
		{506B3913-22BA-4B4E-A2D0-D099294FDFB8}.Release|Win32.Build.0 = Release|Win32
		{506B3913-22BA-4B4E-A2D0-D099294FDFB8}.MinSizeRel|Win32.ActiveCfg = MinSizeRel|Win32
		{506B3913-22BA-4B4E-A2D0-D099294FDFB8}.MinSizeRel|Win32.Build.0 = MinSizeRel|Win32
		{506B3913-22BA-4B4E-A2D0-D099294FDFB8}.RelWithDebInfo|Win32.ActiveCfg = RelWithDebInfo|Win32
		{506B3913-22BA-4B4E-A2D0-D099294FDFB8}.RelWithDebInfo|Win32.Build.0 = RelWithDebInfo|Win32
		{F5B07002-9462-4C6E-8406-2B6CBAD1D1FC}.Debug|Win32.ActiveCfg = Debug|Win32
		{F5B07002-9462-4C6E-8406-2B6CBAD1D1FC}.Release|Win32.ActiveCfg = Release|Win32
		{F5B07002-9462-4C6E-8406-2B6CBAD1D1FC}.MinSizeRel|Win32.ActiveCfg = MinSizeRel|Win32
		{F5B07002-9462-4C6E-8406-2B6CBAD1D1FC}.RelWithDebInfo|Win32.ActiveCfg = RelWithDebInfo|Win32
		{92E2A6C2-0134-4B02-8410-6749D4DB89E2}.Debug|Win32.ActiveCfg = Debug|Win32
		{92E2A6C2-0134-4B02-8410-6749D4DB89E2}.Debug|Win32.Build.0 = Debug|Win32
		{92E2A6C2-0134-4B02-8410-6749D4DB89E2}.Release|Win32.ActiveCfg = Release|Win32
		{92E2A6C2-0134-4B02-8410-6749D4DB89E2}.Release|Win32.Build.0 = Release|Win32
		{92E2A6C2-0134-4B02-8410-6749D4DB89E2}.MinSizeRel|Win32.ActiveCfg = MinSizeRel|Win32
		{92E2A6C2-0134-4B02-8410-6749D4DB89E2}.MinSizeRel|Win32.Build.0 = MinSizeRel|Win32
		{92E2A6C2-0134-4B02-8410-6749D4DB89E2}.RelWithDebInfo|Win32.ActiveCfg = RelWithDebInfo|Win32
		{92E2A6C2-0134-4B02-8410-6749D4DB89E2}.RelWithDebInfo|Win32.Build.0 = RelWithDebInfo|Win32
		{8FBF1DC3-9C6A-4568-8D7C-B61D9F75F545}.Debug|Win32.ActiveCfg = Debug|Win32
		{8FBF1DC3-9C6A-4568-8D7C-B61D9F75F545}.Debug|Win32.Build.0 = Debug|Win32
		{8FBF1DC3-9C6A-4568-8D7C-B61D9F75F545}.Release|Win32.ActiveCfg = Release|Win32
		{8FBF1DC3-9C6A-4568-8D7C-B61D9F75F545}.Release|Win32.Build.0 = Release|Win32
		{8FBF1DC3-9C6A-4568-8D7C-B61D9F75F545}.MinSizeRel|Win32.ActiveCfg = MinSizeRel|Win32
		{8FBF1DC3-9C6A-4568-8D7C-B61D9F75F545}.MinSizeRel|Win32.Build.0 = MinSizeRel|Win32
		{8FBF1DC3-9C6A-4568-8D7C-B61D9F75F545}.RelWithDebInfo|Win32.ActiveCfg = RelWithDebInfo|Win32
		{8FBF1DC3-9C6A-4568-8D7C-B61D9F75F545}.RelWithDebInfo|Win32.Build.0 = RelWithDebInfo|Win32
	EndGlobalSection
	GlobalSection(ExtensibilityGlobals) = postSolution
	EndGlobalSection
	GlobalSection(ExtensibilityAddIns) = postSolution
	EndGlobalSection
EndGlobal
